// !$*UTF8*$!
{
	archiveVersion = 1;
	classes = {
	};
	objectVersion = 55;
	objects = {

/* Begin PBXBuildFile section */
		926F69E5288F74E0009D6C9C /* AppDelegate.swift in Sources */ = {isa = PBXBuildFile; fileRef = 926F69E4288F74E0009D6C9C /* AppDelegate.swift */; };
		926F69E7288F74E0009D6C9C /* GameScene.sks in Resources */ = {isa = PBXBuildFile; fileRef = 926F69E6288F74E0009D6C9C /* GameScene.sks */; };
		926F69E9288F74E0009D6C9C /* Actions.sks in Resources */ = {isa = PBXBuildFile; fileRef = 926F69E8288F74E0009D6C9C /* Actions.sks */; };
		926F69EB288F74E0009D6C9C /* GameScene.swift in Sources */ = {isa = PBXBuildFile; fileRef = 926F69EA288F74E0009D6C9C /* GameScene.swift */; };
		926F69ED288F74E0009D6C9C /* GameViewController.swift in Sources */ = {isa = PBXBuildFile; fileRef = 926F69EC288F74E0009D6C9C /* GameViewController.swift */; };
		926F69F0288F74E0009D6C9C /* Main.storyboard in Resources */ = {isa = PBXBuildFile; fileRef = 926F69EE288F74E0009D6C9C /* Main.storyboard */; };
		926F69F2288F74E1009D6C9C /* Assets.xcassets in Resources */ = {isa = PBXBuildFile; fileRef = 926F69F1288F74E1009D6C9C /* Assets.xcassets */; };
		926F69F5288F74E1009D6C9C /* LaunchScreen.storyboard in Resources */ = {isa = PBXBuildFile; fileRef = 926F69F3288F74E1009D6C9C /* LaunchScreen.storyboard */; };
		926F6A3C288FD527009D6C9C /* backgroundWall.png in Resources */ = {isa = PBXBuildFile; fileRef = 926F6A35288FD527009D6C9C /* backgroundWall.png */; };
		926F6A3D288FD527009D6C9C /* badTarget.png in Resources */ = {isa = PBXBuildFile; fileRef = 926F6A36288FD527009D6C9C /* badTarget.png */; };
		926F6A3E288FD527009D6C9C /* goodTarget.png in Resources */ = {isa = PBXBuildFile; fileRef = 926F6A37288FD527009D6C9C /* goodTarget.png */; };
		926F6A41288FD527009D6C9C /* shootSound.wav in Resources */ = {isa = PBXBuildFile; fileRef = 926F6A3A288FD527009D6C9C /* shootSound.wav */; };
		926F6A44288FD568009D6C9C /* barbedWire.png in Resources */ = {isa = PBXBuildFile; fileRef = 926F6A43288FD568009D6C9C /* barbedWire.png */; };
		9293E6342890C82800DF2BE4 /* bullet.png in Resources */ = {isa = PBXBuildFile; fileRef = 9293E6332890C82800DF2BE4 /* bullet.png */; };
		9293E63B2890E41400DF2BE4 /* reload.wav in Resources */ = {isa = PBXBuildFile; fileRef = 9293E6392890E41300DF2BE4 /* reload.wav */; };
		9293E63C2890E41400DF2BE4 /* emptyClip.wav in Resources */ = {isa = PBXBuildFile; fileRef = 9293E63A2890E41400DF2BE4 /* emptyClip.wav */; };
		929C43DD289218FC006DB4E6 /* goodTarget2.png in Resources */ = {isa = PBXBuildFile; fileRef = 929C43DA289218FC006DB4E6 /* goodTarget2.png */; };
		929C43DF289218FC006DB4E6 /* goodTarget3.png in Resources */ = {isa = PBXBuildFile; fileRef = 929C43DC289218FC006DB4E6 /* goodTarget3.png */; };
		929C43E1289219E5006DB4E6 /* goodTarget4.png in Resources */ = {isa = PBXBuildFile; fileRef = 929C43E0289219E5006DB4E6 /* goodTarget4.png */; };
/* End PBXBuildFile section */

/* Begin PBXFileReference section */
		926F69E1288F74E0009D6C9C /* Project16-18.app */ = {isa = PBXFileReference; explicitFileType = wrapper.application; includeInIndex = 0; path = "Project16-18.app"; sourceTree = BUILT_PRODUCTS_DIR; };
		926F69E4288F74E0009D6C9C /* AppDelegate.swift */ = {isa = PBXFileReference; lastKnownFileType = sourcecode.swift; path = AppDelegate.swift; sourceTree = "<group>"; };
		926F69E6288F74E0009D6C9C /* GameScene.sks */ = {isa = PBXFileReference; lastKnownFileType = file.sks; path = GameScene.sks; sourceTree = "<group>"; };
		926F69E8288F74E0009D6C9C /* Actions.sks */ = {isa = PBXFileReference; lastKnownFileType = file.sks; path = Actions.sks; sourceTree = "<group>"; };
		926F69EA288F74E0009D6C9C /* GameScene.swift */ = {isa = PBXFileReference; lastKnownFileType = sourcecode.swift; path = GameScene.swift; sourceTree = "<group>"; };
		926F69EC288F74E0009D6C9C /* GameViewController.swift */ = {isa = PBXFileReference; lastKnownFileType = sourcecode.swift; path = GameViewController.swift; sourceTree = "<group>"; };
		926F69EF288F74E0009D6C9C /* Base */ = {isa = PBXFileReference; lastKnownFileType = file.storyboard; name = Base; path = Base.lproj/Main.storyboard; sourceTree = "<group>"; };
		926F69F1288F74E1009D6C9C /* Assets.xcassets */ = {isa = PBXFileReference; lastKnownFileType = folder.assetcatalog; path = Assets.xcassets; sourceTree = "<group>"; };
		926F69F4288F74E1009D6C9C /* Base */ = {isa = PBXFileReference; lastKnownFileType = file.storyboard; name = Base; path = Base.lproj/LaunchScreen.storyboard; sourceTree = "<group>"; };
		926F6A35288FD527009D6C9C /* backgroundWall.png */ = {isa = PBXFileReference; lastKnownFileType = image.png; path = backgroundWall.png; sourceTree = "<group>"; };
		926F6A36288FD527009D6C9C /* badTarget.png */ = {isa = PBXFileReference; lastKnownFileType = image.png; path = badTarget.png; sourceTree = "<group>"; };
		926F6A37288FD527009D6C9C /* goodTarget.png */ = {isa = PBXFileReference; lastKnownFileType = image.png; path = goodTarget.png; sourceTree = "<group>"; };
		926F6A3A288FD527009D6C9C /* shootSound.wav */ = {isa = PBXFileReference; lastKnownFileType = audio.wav; path = shootSound.wav; sourceTree = "<group>"; };
		926F6A43288FD568009D6C9C /* barbedWire.png */ = {isa = PBXFileReference; lastKnownFileType = image.png; path = barbedWire.png; sourceTree = "<group>"; };
		9293E6332890C82800DF2BE4 /* bullet.png */ = {isa = PBXFileReference; lastKnownFileType = image.png; path = bullet.png; sourceTree = "<group>"; };
		9293E6392890E41300DF2BE4 /* reload.wav */ = {isa = PBXFileReference; lastKnownFileType = audio.wav; path = reload.wav; sourceTree = "<group>"; };
		9293E63A2890E41400DF2BE4 /* emptyClip.wav */ = {isa = PBXFileReference; lastKnownFileType = audio.wav; path = emptyClip.wav; sourceTree = "<group>"; };
		929C43DA289218FC006DB4E6 /* goodTarget2.png */ = {isa = PBXFileReference; lastKnownFileType = image.png; path = goodTarget2.png; sourceTree = "<group>"; };
		929C43DC289218FC006DB4E6 /* goodTarget3.png */ = {isa = PBXFileReference; lastKnownFileType = image.png; path = goodTarget3.png; sourceTree = "<group>"; };
		929C43E0289219E5006DB4E6 /* goodTarget4.png */ = {isa = PBXFileReference; lastKnownFileType = image.png; path = goodTarget4.png; sourceTree = "<group>"; };
/* End PBXFileReference section */

/* Begin PBXFrameworksBuildPhase section */
		926F69DE288F74E0009D6C9C /* Frameworks */ = {
			isa = PBXFrameworksBuildPhase;
			buildActionMask = 2147483647;
			files = (
			);
			runOnlyForDeploymentPostprocessing = 0;
		};
/* End PBXFrameworksBuildPhase section */

/* Begin PBXGroup section */
		926F69D8288F74E0009D6C9C = {
			isa = PBXGroup;
			children = (
				926F69E3288F74E0009D6C9C /* Project16-18 */,
				926F69E2288F74E0009D6C9C /* Products */,
			);
			sourceTree = "<group>";
		};
		926F69E2288F74E0009D6C9C /* Products */ = {
			isa = PBXGroup;
			children = (
				926F69E1288F74E0009D6C9C /* Project16-18.app */,
			);
			name = Products;
			sourceTree = "<group>";
		};
		926F69E3288F74E0009D6C9C /* Project16-18 */ = {
			isa = PBXGroup;
			children = (
				926F69E4288F74E0009D6C9C /* AppDelegate.swift */,
				926F69E6288F74E0009D6C9C /* GameScene.sks */,
				926F69E8288F74E0009D6C9C /* Actions.sks */,
				926F69EA288F74E0009D6C9C /* GameScene.swift */,
				926F69EC288F74E0009D6C9C /* GameViewController.swift */,
				926F69EE288F74E0009D6C9C /* Main.storyboard */,
				926F69F1288F74E1009D6C9C /* Assets.xcassets */,
				926F69F3288F74E1009D6C9C /* LaunchScreen.storyboard */,
				926F6A34288FD527009D6C9C /* Content */,
			);
			path = "Project16-18";
			sourceTree = "<group>";
		};
		926F6A34288FD527009D6C9C /* Content */ = {
			isa = PBXGroup;
			children = (
				9293E6332890C82800DF2BE4 /* bullet.png */,
				926F6A35288FD527009D6C9C /* backgroundWall.png */,
				926F6A36288FD527009D6C9C /* badTarget.png */,
				926F6A37288FD527009D6C9C /* goodTarget.png */,
				926F6A3A288FD527009D6C9C /* shootSound.wav */,
				926F6A43288FD568009D6C9C /* barbedWire.png */,
				9293E63A2890E41400DF2BE4 /* emptyClip.wav */,
				9293E6392890E41300DF2BE4 /* reload.wav */,
				929C43DA289218FC006DB4E6 /* goodTarget2.png */,
				929C43DC289218FC006DB4E6 /* goodTarget3.png */,
				929C43E0289219E5006DB4E6 /* goodTarget4.png */,
			);
			path = Content;
			sourceTree = "<group>";
		};
/* End PBXGroup section */

/* Begin PBXNativeTarget section */
		926F69E0288F74E0009D6C9C /* Project16-18 */ = {
			isa = PBXNativeTarget;
			buildConfigurationList = 926F69F8288F74E1009D6C9C /* Build configuration list for PBXNativeTarget "Project16-18" */;
			buildPhases = (
				926F69DD288F74E0009D6C9C /* Sources */,
				926F69DE288F74E0009D6C9C /* Frameworks */,
				926F69DF288F74E0009D6C9C /* Resources */,
			);
			buildRules = (
			);
			dependencies = (
			);
			name = "Project16-18";
			productName = "Project16-18";
			productReference = 926F69E1288F74E0009D6C9C /* Project16-18.app */;
			productType = "com.apple.product-type.application";
		};
/* End PBXNativeTarget section */

/* Begin PBXProject section */
		926F69D9288F74E0009D6C9C /* Project object */ = {
			isa = PBXProject;
			attributes = {
				BuildIndependentTargetsInParallel = 1;
				LastSwiftUpdateCheck = 1340;
				LastUpgradeCheck = 1340;
				TargetAttributes = {
					926F69E0288F74E0009D6C9C = {
						CreatedOnToolsVersion = 13.4.1;
					};
				};
			};
			buildConfigurationList = 926F69DC288F74E0009D6C9C /* Build configuration list for PBXProject "Project16-18" */;
			compatibilityVersion = "Xcode 13.0";
			developmentRegion = en;
			hasScannedForEncodings = 0;
			knownRegions = (
				en,
				Base,
			);
			mainGroup = 926F69D8288F74E0009D6C9C;
			productRefGroup = 926F69E2288F74E0009D6C9C /* Products */;
			projectDirPath = "";
			projectRoot = "";
			targets = (
				926F69E0288F74E0009D6C9C /* Project16-18 */,
			);
		};
/* End PBXProject section */

/* Begin PBXResourcesBuildPhase section */
		926F69DF288F74E0009D6C9C /* Resources */ = {
			isa = PBXResourcesBuildPhase;
			buildActionMask = 2147483647;
			files = (
				926F69F0288F74E0009D6C9C /* Main.storyboard in Resources */,
				926F6A3E288FD527009D6C9C /* goodTarget.png in Resources */,
				929C43DD289218FC006DB4E6 /* goodTarget2.png in Resources */,
				926F6A41288FD527009D6C9C /* shootSound.wav in Resources */,
				929C43DF289218FC006DB4E6 /* goodTarget3.png in Resources */,
				9293E63B2890E41400DF2BE4 /* reload.wav in Resources */,
				929C43E1289219E5006DB4E6 /* goodTarget4.png in Resources */,
				926F6A3C288FD527009D6C9C /* backgroundWall.png in Resources */,
				926F69E7288F74E0009D6C9C /* GameScene.sks in Resources */,
				9293E6342890C82800DF2BE4 /* bullet.png in Resources */,
				926F69F2288F74E1009D6C9C /* Assets.xcassets in Resources */,
				926F69F5288F74E1009D6C9C /* LaunchScreen.storyboard in Resources */,
				9293E63C2890E41400DF2BE4 /* emptyClip.wav in Resources */,
				926F6A44288FD568009D6C9C /* barbedWire.png in Resources */,
				926F6A3D288FD527009D6C9C /* badTarget.png in Resources */,
				926F69E9288F74E0009D6C9C /* Actions.sks in Resources */,
			);
			runOnlyForDeploymentPostprocessing = 0;
		};
/* End PBXResourcesBuildPhase section */

/* Begin PBXSourcesBuildPhase section */
		926F69DD288F74E0009D6C9C /* Sources */ = {
			isa = PBXSourcesBuildPhase;
			buildActionMask = 2147483647;
			files = (
				926F69EB288F74E0009D6C9C /* GameScene.swift in Sources */,
				926F69ED288F74E0009D6C9C /* GameViewController.swift in Sources */,
				926F69E5288F74E0009D6C9C /* AppDelegate.swift in Sources */,
			);
			runOnlyForDeploymentPostprocessing = 0;
		};
/* End PBXSourcesBuildPhase section */

/* Begin PBXVariantGroup section */
		926F69EE288F74E0009D6C9C /* Main.storyboard */ = {
			isa = PBXVariantGroup;
			children = (
				926F69EF288F74E0009D6C9C /* Base */,
			);
			name = Main.storyboard;
			sourceTree = "<group>";
		};
		926F69F3288F74E1009D6C9C /* LaunchScreen.storyboard */ = {
			isa = PBXVariantGroup;
			children = (
				926F69F4288F74E1009D6C9C /* Base */,
			);
			name = LaunchScreen.storyboard;
			sourceTree = "<group>";
		};
/* End PBXVariantGroup section */

/* Begin XCBuildConfiguration section */
		926F69F6288F74E1009D6C9C /* Debug */ = {
			isa = XCBuildConfiguration;
			buildSettings = {
				ALWAYS_SEARCH_USER_PATHS = NO;
				CLANG_ANALYZER_NONNULL = YES;
				CLANG_ANALYZER_NUMBER_OBJECT_CONVERSION = YES_AGGRESSIVE;
				CLANG_CXX_LANGUAGE_STANDARD = "gnu++17";
				CLANG_ENABLE_MODULES = YES;
				CLANG_ENABLE_OBJC_ARC = YES;
				CLANG_ENABLE_OBJC_WEAK = YES;
				CLANG_WARN_BLOCK_CAPTURE_AUTORELEASING = YES;
				CLANG_WARN_BOOL_CONVERSION = YES;
				CLANG_WARN_COMMA = YES;
				CLANG_WARN_CONSTANT_CONVERSION = YES;
				CLANG_WARN_DEPRECATED_OBJC_IMPLEMENTATIONS = YES;
				CLANG_WARN_DIRECT_OBJC_ISA_USAGE = YES_ERROR;
				CLANG_WARN_DOCUMENTATION_COMMENTS = YES;
				CLANG_WARN_EMPTY_BODY = YES;
				CLANG_WARN_ENUM_CONVERSION = YES;
				CLANG_WARN_INFINITE_RECURSION = YES;
				CLANG_WARN_INT_CONVERSION = YES;
				CLANG_WARN_NON_LITERAL_NULL_CONVERSION = YES;
				CLANG_WARN_OBJC_IMPLICIT_RETAIN_SELF = YES;
				CLANG_WARN_OBJC_LITERAL_CONVERSION = YES;
				CLANG_WARN_OBJC_ROOT_CLASS = YES_ERROR;
				CLANG_WARN_QUOTED_INCLUDE_IN_FRAMEWORK_HEADER = YES;
				CLANG_WARN_RANGE_LOOP_ANALYSIS = YES;
				CLANG_WARN_STRICT_PROTOTYPES = YES;
				CLANG_WARN_SUSPICIOUS_MOVE = YES;
				CLANG_WARN_UNGUARDED_AVAILABILITY = YES_AGGRESSIVE;
				CLANG_WARN_UNREACHABLE_CODE = YES;
				CLANG_WARN__DUPLICATE_METHOD_MATCH = YES;
				COPY_PHASE_STRIP = NO;
				DEBUG_INFORMATION_FORMAT = dwarf;
				ENABLE_STRICT_OBJC_MSGSEND = YES;
				ENABLE_TESTABILITY = YES;
				GCC_C_LANGUAGE_STANDARD = gnu11;
				GCC_DYNAMIC_NO_PIC = NO;
				GCC_NO_COMMON_BLOCKS = YES;
				GCC_OPTIMIZATION_LEVEL = 0;
				GCC_PREPROCESSOR_DEFINITIONS = (
					"DEBUG=1",
					"$(inherited)",
				);
				GCC_WARN_64_TO_32_BIT_CONVERSION = YES;
				GCC_WARN_ABOUT_RETURN_TYPE = YES_ERROR;
				GCC_WARN_UNDECLARED_SELECTOR = YES;
				GCC_WARN_UNINITIALIZED_AUTOS = YES_AGGRESSIVE;
				GCC_WARN_UNUSED_FUNCTION = YES;
				GCC_WARN_UNUSED_VARIABLE = YES;
				IPHONEOS_DEPLOYMENT_TARGET = 15.5;
				MTL_ENABLE_DEBUG_INFO = INCLUDE_SOURCE;
				MTL_FAST_MATH = YES;
				ONLY_ACTIVE_ARCH = YES;
				SDKROOT = iphoneos;
				SWIFT_ACTIVE_COMPILATION_CONDITIONS = DEBUG;
				SWIFT_OPTIMIZATION_LEVEL = "-Onone";
			};
			name = Debug;
		};
		926F69F7288F74E1009D6C9C /* Release */ = {
			isa = XCBuildConfiguration;
			buildSettings = {
				ALWAYS_SEARCH_USER_PATHS = NO;
				CLANG_ANALYZER_NONNULL = YES;
				CLANG_ANALYZER_NUMBER_OBJECT_CONVERSION = YES_AGGRESSIVE;
				CLANG_CXX_LANGUAGE_STANDARD = "gnu++17";
				CLANG_ENABLE_MODULES = YES;
				CLANG_ENABLE_OBJC_ARC = YES;
				CLANG_ENABLE_OBJC_WEAK = YES;
				CLANG_WARN_BLOCK_CAPTURE_AUTORELEASING = YES;
				CLANG_WARN_BOOL_CONVERSION = YES;
				CLANG_WARN_COMMA = YES;
				CLANG_WARN_CONSTANT_CONVERSION = YES;
				CLANG_WARN_DEPRECATED_OBJC_IMPLEMENTATIONS = YES;
				CLANG_WARN_DIRECT_OBJC_ISA_USAGE = YES_ERROR;
				CLANG_WARN_DOCUMENTATION_COMMENTS = YES;
				CLANG_WARN_EMPTY_BODY = YES;
				CLANG_WARN_ENUM_CONVERSION = YES;
				CLANG_WARN_INFINITE_RECURSION = YES;
				CLANG_WARN_INT_CONVERSION = YES;
				CLANG_WARN_NON_LITERAL_NULL_CONVERSION = YES;
				CLANG_WARN_OBJC_IMPLICIT_RETAIN_SELF = YES;
				CLANG_WARN_OBJC_LITERAL_CONVERSION = YES;
				CLANG_WARN_OBJC_ROOT_CLASS = YES_ERROR;
				CLANG_WARN_QUOTED_INCLUDE_IN_FRAMEWORK_HEADER = YES;
				CLANG_WARN_RANGE_LOOP_ANALYSIS = YES;
				CLANG_WARN_STRICT_PROTOTYPES = YES;
				CLANG_WARN_SUSPICIOUS_MOVE = YES;
				CLANG_WARN_UNGUARDED_AVAILABILITY = YES_AGGRESSIVE;
				CLANG_WARN_UNREACHABLE_CODE = YES;
				CLANG_WARN__DUPLICATE_METHOD_MATCH = YES;
				COPY_PHASE_STRIP = NO;
				DEBUG_INFORMATION_FORMAT = "dwarf-with-dsym";
				ENABLE_NS_ASSERTIONS = NO;
				ENABLE_STRICT_OBJC_MSGSEND = YES;
				GCC_C_LANGUAGE_STANDARD = gnu11;
				GCC_NO_COMMON_BLOCKS = YES;
				GCC_WARN_64_TO_32_BIT_CONVERSION = YES;
				GCC_WARN_ABOUT_RETURN_TYPE = YES_ERROR;
				GCC_WARN_UNDECLARED_SELECTOR = YES;
				GCC_WARN_UNINITIALIZED_AUTOS = YES_AGGRESSIVE;
				GCC_WARN_UNUSED_FUNCTION = YES;
				GCC_WARN_UNUSED_VARIABLE = YES;
				IPHONEOS_DEPLOYMENT_TARGET = 15.5;
				MTL_ENABLE_DEBUG_INFO = NO;
				MTL_FAST_MATH = YES;
				SDKROOT = iphoneos;
				SWIFT_COMPILATION_MODE = wholemodule;
				SWIFT_OPTIMIZATION_LEVEL = "-O";
				VALIDATE_PRODUCT = YES;
			};
			name = Release;
		};
		926F69F9288F74E1009D6C9C /* Debug */ = {
			isa = XCBuildConfiguration;
			buildSettings = {
				ASSETCATALOG_COMPILER_APPICON_NAME = AppIcon;
				ASSETCATALOG_COMPILER_GLOBAL_ACCENT_COLOR_NAME = AccentColor;
				CODE_SIGN_STYLE = Automatic;
				CURRENT_PROJECT_VERSION = 1;
				DEVELOPMENT_TEAM = RVKB7RH5U4;
				GENERATE_INFOPLIST_FILE = YES;
				INFOPLIST_KEY_UIApplicationSupportsIndirectInputEvents = YES;
				INFOPLIST_KEY_UILaunchStoryboardName = LaunchScreen;
				INFOPLIST_KEY_UIMainStoryboardFile = Main;
				INFOPLIST_KEY_UIStatusBarHidden = YES;
				INFOPLIST_KEY_UISupportedInterfaceOrientations = "UIInterfaceOrientationLandscapeLeft UIInterfaceOrientationLandscapeRight";
				INFOPLIST_KEY_UISupportedInterfaceOrientations_iPad = "UIInterfaceOrientationLandscapeLeft UIInterfaceOrientationLandscapeRight";
				INFOPLIST_KEY_UISupportedInterfaceOrientations_iPhone = "UIInterfaceOrientationPortrait UIInterfaceOrientationLandscapeLeft UIInterfaceOrientationLandscapeRight";
				LD_RUNPATH_SEARCH_PATHS = (
					"$(inherited)",
					"@executable_path/Frameworks",
				);
				MARKETING_VERSION = 1.0;
				PRODUCT_BUNDLE_IDENTIFIER = "gitkoDev.Project16-18";
				PRODUCT_NAME = "$(TARGET_NAME)";
				SWIFT_EMIT_LOC_STRINGS = YES;
				SWIFT_VERSION = 5.0;
				TARGETED_DEVICE_FAMILY = 1;
			};
			name = Debug;
		};
		926F69FA288F74E1009D6C9C /* Release */ = {
			isa = XCBuildConfiguration;
			buildSettings = {
				ASSETCATALOG_COMPILER_APPICON_NAME = AppIcon;
				ASSETCATALOG_COMPILER_GLOBAL_ACCENT_COLOR_NAME = AccentColor;
				CODE_SIGN_STYLE = Automatic;
				CURRENT_PROJECT_VERSION = 1;
				DEVELOPMENT_TEAM = RVKB7RH5U4;
				GENERATE_INFOPLIST_FILE = YES;
				INFOPLIST_KEY_UIApplicationSupportsIndirectInputEvents = YES;
				INFOPLIST_KEY_UILaunchStoryboardName = LaunchScreen;
				INFOPLIST_KEY_UIMainStoryboardFile = Main;
				INFOPLIST_KEY_UIStatusBarHidden = YES;
				INFOPLIST_KEY_UISupportedInterfaceOrientations = "UIInterfaceOrientationLandscapeLeft UIInterfaceOrientationLandscapeRight";
				INFOPLIST_KEY_UISupportedInterfaceOrientations_iPad = "UIInterfaceOrientationLandscapeLeft UIInterfaceOrientationLandscapeRight";
				INFOPLIST_KEY_UISupportedInterfaceOrientations_iPhone = "UIInterfaceOrientationPortrait UIInterfaceOrientationLandscapeLeft UIInterfaceOrientationLandscapeRight";
				LD_RUNPATH_SEARCH_PATHS = (
					"$(inherited)",
					"@executable_path/Frameworks",
				);
				MARKETING_VERSION = 1.0;
				PRODUCT_BUNDLE_IDENTIFIER = "gitkoDev.Project16-18";
				PRODUCT_NAME = "$(TARGET_NAME)";
				SWIFT_EMIT_LOC_STRINGS = YES;
				SWIFT_VERSION = 5.0;
				TARGETED_DEVICE_FAMILY = 1;
			};
			name = Release;
		};
/* End XCBuildConfiguration section */

/* Begin XCConfigurationList section */
		926F69DC288F74E0009D6C9C /* Build configuration list for PBXProject "Project16-18" */ = {
			isa = XCConfigurationList;
			buildConfigurations = (
				926F69F6288F74E1009D6C9C /* Debug */,
				926F69F7288F74E1009D6C9C /* Release */,
			);
			defaultConfigurationIsVisible = 0;
			defaultConfigurationName = Release;
		};
		926F69F8288F74E1009D6C9C /* Build configuration list for PBXNativeTarget "Project16-18" */ = {
			isa = XCConfigurationList;
			buildConfigurations = (
				926F69F9288F74E1009D6C9C /* Debug */,
				926F69FA288F74E1009D6C9C /* Release */,
			);
			defaultConfigurationIsVisible = 0;
			defaultConfigurationName = Release;
		};
/* End XCConfigurationList section */
	};
	rootObject = 926F69D9288F74E0009D6C9C /* Project object */;
}
